
Microsoft Visual Studio Solution File, Format Version 12.00
# Visual Studio Version 17
VisualStudioVersion = 17.7.34024.191
MinimumVisualStudioVersion = 10.0.40219.1
Project("{FAE04EC0-301F-11D3-BF4B-00C04F79EFBC}") = "Lab 7 Unit Testing", "Lab 7 Unit Testing.csproj", "{4419D78A-A3AF-4D83-B9DA-B821EC73579C}"
EndProject
Project("{FAE04EC0-301F-11D3-BF4B-00C04F79EFBC}") = "BasicMathTest", "..\BasicMathTest\BasicMathTest.csproj", "{A3C4E18F-AAB9-45B4-9F86-F9050DAA3395}"
EndProject
Global
	GlobalSection(SolutionConfigurationPlatforms) = preSolution
		Debug|Any CPU = Debug|Any CPU
		Release|Any CPU = Release|Any CPU
	EndGlobalSection
	GlobalSection(ProjectConfigurationPlatforms) = postSolution
		{4419D78A-A3AF-4D83-B9DA-B821EC73579C}.Debug|Any CPU.ActiveCfg = Debug|Any CPU
		{4419D78A-A3AF-4D83-B9DA-B821EC73579C}.Debug|Any CPU.Build.0 = Debug|Any CPU
		{4419D78A-A3AF-4D83-B9DA-B821EC73579C}.Release|Any CPU.ActiveCfg = Release|Any CPU
		{4419D78A-A3AF-4D83-B9DA-B821EC73579C}.Release|Any CPU.Build.0 = Release|Any CPU
		{A3C4E18F-AAB9-45B4-9F86-F9050DAA3395}.Debug|Any CPU.ActiveCfg = Debug|Any CPU
		{A3C4E18F-AAB9-45B4-9F86-F9050DAA3395}.Debug|Any CPU.Build.0 = Debug|Any CPU
		{A3C4E18F-AAB9-45B4-9F86-F9050DAA3395}.Release|Any CPU.ActiveCfg = Release|Any CPU
		{A3C4E18F-AAB9-45B4-9F86-F9050DAA3395}.Release|Any CPU.Build.0 = Release|Any CPU
	EndGlobalSection
	GlobalSection(SolutionProperties) = preSolution
		HideSolutionNode = FALSE
	EndGlobalSection
	GlobalSection(ExtensibilityGlobals) = postSolution
		SolutionGuid = {17B91B5A-8A5E-4D98-92F7-D993DC53FF5F}
	EndGlobalSection
EndGlobal
